// !$*UTF8*$!
{
	archiveVersion = 1;
	classes = {
	};
	objectVersion = 46;
	objects = {

/* Begin PBXBuildFile section */
		E33F93B21AA4ED2100843633 /* Site.m in Sources */ = {isa = PBXBuildFile; fileRef = E33F93B11AA4ED2100843633 /* Site.m */; };
		E33F93B51AA4F37300843633 /* UserData.m in Sources */ = {isa = PBXBuildFile; fileRef = E33F93B41AA4F37300843633 /* UserData.m */; };
		E34B52921AA63E94000305F2 /* Annotation.m in Sources */ = {isa = PBXBuildFile; fileRef = E34B52911AA63E94000305F2 /* Annotation.m */; };
		E65591C41AA6203400F33F6F /* FavoriteCell.m in Sources */ = {isa = PBXBuildFile; fileRef = E65591C31AA6203400F33F6F /* FavoriteCell.m */; };
		E69EC9ED1AABEC560041EAF4 /* AssetsLibrary.framework in Frameworks */ = {isa = PBXBuildFile; fileRef = E69EC9EC1AABEC560041EAF4 /* AssetsLibrary.framework */; };
		E69EC9EF1AABEC5E0041EAF4 /* iAd.framework in Frameworks */ = {isa = PBXBuildFile; fileRef = E69EC9EE1AABEC5E0041EAF4 /* iAd.framework */; };
		E884861F1AA4D20F00546EA2 /* main.m in Sources */ = {isa = PBXBuildFile; fileRef = E884861E1AA4D20F00546EA2 /* main.m */; };
		E88486221AA4D20F00546EA2 /* AppDelegate.m in Sources */ = {isa = PBXBuildFile; fileRef = E88486211AA4D20F00546EA2 /* AppDelegate.m */; };
		E88486281AA4D20F00546EA2 /* Main.storyboard in Resources */ = {isa = PBXBuildFile; fileRef = E88486261AA4D20F00546EA2 /* Main.storyboard */; };
		E884862A1AA4D20F00546EA2 /* Images.xcassets in Resources */ = {isa = PBXBuildFile; fileRef = E88486291AA4D20F00546EA2 /* Images.xcassets */; };
		E884862D1AA4D20F00546EA2 /* LaunchScreen.xib in Resources */ = {isa = PBXBuildFile; fileRef = E884862B1AA4D20F00546EA2 /* LaunchScreen.xib */; };
		E88486391AA4D20F00546EA2 /* GetsTests.m in Sources */ = {isa = PBXBuildFile; fileRef = E88486381AA4D20F00546EA2 /* GetsTests.m */; };
		E88486441AA4D36E00546EA2 /* MainView.m in Sources */ = {isa = PBXBuildFile; fileRef = E88486431AA4D36E00546EA2 /* MainView.m */; };
		E88486471AA4D39000546EA2 /* TableViewController.m in Sources */ = {isa = PBXBuildFile; fileRef = E88486461AA4D39000546EA2 /* TableViewController.m */; };
		E884864A1AA4D3B600546EA2 /* CadastroView.m in Sources */ = {isa = PBXBuildFile; fileRef = E88486491AA4D3B600546EA2 /* CadastroView.m */; };
		E884864D1AA4D3DD00546EA2 /* VisualizarView.m in Sources */ = {isa = PBXBuildFile; fileRef = E884864C1AA4D3DD00546EA2 /* VisualizarView.m */; };
		E88486501AA4D3EE00546EA2 /* AboutUsView.m in Sources */ = {isa = PBXBuildFile; fileRef = E884864F1AA4D3EE00546EA2 /* AboutUsView.m */; };
		E8D4CA271AA4E40000DF91DF /* MapKit.framework in Frameworks */ = {isa = PBXBuildFile; fileRef = E8D4CA261AA4E40000DF91DF /* MapKit.framework */; };
		E8D4CA291AA4E40900DF91DF /* CoreLocation.framework in Frameworks */ = {isa = PBXBuildFile; fileRef = E8D4CA281AA4E40900DF91DF /* CoreLocation.framework */; };
/* End PBXBuildFile section */

/* Begin PBXContainerItemProxy section */
		E88486331AA4D20F00546EA2 /* PBXContainerItemProxy */ = {
			isa = PBXContainerItemProxy;
			containerPortal = E88486111AA4D20F00546EA2 /* Project object */;
			proxyType = 1;
			remoteGlobalIDString = E88486181AA4D20F00546EA2;
			remoteInfo = Gets;
		};
/* End PBXContainerItemProxy section */

/* Begin PBXFileReference section */
		E33F93B01AA4ED2100843633 /* Site.h */ = {isa = PBXFileReference; fileEncoding = 4; lastKnownFileType = sourcecode.c.h; path = Site.h; sourceTree = "<group>"; };
		E33F93B11AA4ED2100843633 /* Site.m */ = {isa = PBXFileReference; fileEncoding = 4; lastKnownFileType = sourcecode.c.objc; path = Site.m; sourceTree = "<group>"; };
		E33F93B31AA4F37300843633 /* UserData.h */ = {isa = PBXFileReference; fileEncoding = 4; lastKnownFileType = sourcecode.c.h; path = UserData.h; sourceTree = "<group>"; };
		E33F93B41AA4F37300843633 /* UserData.m */ = {isa = PBXFileReference; fileEncoding = 4; lastKnownFileType = sourcecode.c.objc; path = UserData.m; sourceTree = "<group>"; };
		E34B52901AA63E94000305F2 /* Annotation.h */ = {isa = PBXFileReference; fileEncoding = 4; lastKnownFileType = sourcecode.c.h; path = Annotation.h; sourceTree = "<group>"; };
		E34B52911AA63E94000305F2 /* Annotation.m */ = {isa = PBXFileReference; fileEncoding = 4; lastKnownFileType = sourcecode.c.objc; path = Annotation.m; sourceTree = "<group>"; };
		E65591C21AA6203400F33F6F /* FavoriteCell.h */ = {isa = PBXFileReference; fileEncoding = 4; lastKnownFileType = sourcecode.c.h; path = FavoriteCell.h; sourceTree = "<group>"; };
		E65591C31AA6203400F33F6F /* FavoriteCell.m */ = {isa = PBXFileReference; fileEncoding = 4; lastKnownFileType = sourcecode.c.objc; path = FavoriteCell.m; sourceTree = "<group>"; };
		E69EC9EC1AABEC560041EAF4 /* AssetsLibrary.framework */ = {isa = PBXFileReference; lastKnownFileType = wrapper.framework; name = AssetsLibrary.framework; path = System/Library/Frameworks/AssetsLibrary.framework; sourceTree = SDKROOT; };
		E69EC9EE1AABEC5E0041EAF4 /* iAd.framework */ = {isa = PBXFileReference; lastKnownFileType = wrapper.framework; name = iAd.framework; path = System/Library/Frameworks/iAd.framework; sourceTree = SDKROOT; };
		E88486191AA4D20F00546EA2 /* Gets.app */ = {isa = PBXFileReference; explicitFileType = wrapper.application; includeInIndex = 0; path = Gets.app; sourceTree = BUILT_PRODUCTS_DIR; };
		E884861D1AA4D20F00546EA2 /* Info.plist */ = {isa = PBXFileReference; lastKnownFileType = text.plist.xml; path = Info.plist; sourceTree = "<group>"; };
		E884861E1AA4D20F00546EA2 /* main.m */ = {isa = PBXFileReference; lastKnownFileType = sourcecode.c.objc; path = main.m; sourceTree = "<group>"; };
		E88486201AA4D20F00546EA2 /* AppDelegate.h */ = {isa = PBXFileReference; lastKnownFileType = sourcecode.c.h; path = AppDelegate.h; sourceTree = "<group>"; };
		E88486211AA4D20F00546EA2 /* AppDelegate.m */ = {isa = PBXFileReference; lastKnownFileType = sourcecode.c.objc; path = AppDelegate.m; sourceTree = "<group>"; };
		E88486271AA4D20F00546EA2 /* Base */ = {isa = PBXFileReference; lastKnownFileType = file.storyboard; name = Base; path = Base.lproj/Main.storyboard; sourceTree = "<group>"; };
		E88486291AA4D20F00546EA2 /* Images.xcassets */ = {isa = PBXFileReference; lastKnownFileType = folder.assetcatalog; path = Images.xcassets; sourceTree = "<group>"; };
		E884862C1AA4D20F00546EA2 /* Base */ = {isa = PBXFileReference; lastKnownFileType = file.xib; name = Base; path = Base.lproj/LaunchScreen.xib; sourceTree = "<group>"; };
		E88486321AA4D20F00546EA2 /* GetsTests.xctest */ = {isa = PBXFileReference; explicitFileType = wrapper.cfbundle; includeInIndex = 0; path = GetsTests.xctest; sourceTree = BUILT_PRODUCTS_DIR; };
		E88486371AA4D20F00546EA2 /* Info.plist */ = {isa = PBXFileReference; lastKnownFileType = text.plist.xml; path = Info.plist; sourceTree = "<group>"; };
		E88486381AA4D20F00546EA2 /* GetsTests.m */ = {isa = PBXFileReference; lastKnownFileType = sourcecode.c.objc; path = GetsTests.m; sourceTree = "<group>"; };
		E88486421AA4D36E00546EA2 /* MainView.h */ = {isa = PBXFileReference; fileEncoding = 4; lastKnownFileType = sourcecode.c.h; name = MainView.h; path = ../MainView.h; sourceTree = "<group>"; };
		E88486431AA4D36E00546EA2 /* MainView.m */ = {isa = PBXFileReference; fileEncoding = 4; lastKnownFileType = sourcecode.c.objc; name = MainView.m; path = ../MainView.m; sourceTree = "<group>"; };
		E88486451AA4D39000546EA2 /* TableViewController.h */ = {isa = PBXFileReference; fileEncoding = 4; lastKnownFileType = sourcecode.c.h; name = TableViewController.h; path = ../TableViewController.h; sourceTree = "<group>"; };
		E88486461AA4D39000546EA2 /* TableViewController.m */ = {isa = PBXFileReference; fileEncoding = 4; lastKnownFileType = sourcecode.c.objc; name = TableViewController.m; path = ../TableViewController.m; sourceTree = "<group>"; };
		E88486481AA4D3B600546EA2 /* CadastroView.h */ = {isa = PBXFileReference; fileEncoding = 4; lastKnownFileType = sourcecode.c.h; name = CadastroView.h; path = ../CadastroView.h; sourceTree = "<group>"; };
		E88486491AA4D3B600546EA2 /* CadastroView.m */ = {isa = PBXFileReference; fileEncoding = 4; lastKnownFileType = sourcecode.c.objc; name = CadastroView.m; path = ../CadastroView.m; sourceTree = "<group>"; };
		E884864B1AA4D3DD00546EA2 /* VisualizarView.h */ = {isa = PBXFileReference; fileEncoding = 4; lastKnownFileType = sourcecode.c.h; name = VisualizarView.h; path = ../VisualizarView.h; sourceTree = "<group>"; };
		E884864C1AA4D3DD00546EA2 /* VisualizarView.m */ = {isa = PBXFileReference; fileEncoding = 4; lastKnownFileType = sourcecode.c.objc; name = VisualizarView.m; path = ../VisualizarView.m; sourceTree = "<group>"; };
		E884864E1AA4D3EE00546EA2 /* AboutUsView.h */ = {isa = PBXFileReference; fileEncoding = 4; lastKnownFileType = sourcecode.c.h; name = AboutUsView.h; path = ../AboutUsView.h; sourceTree = "<group>"; };
		E884864F1AA4D3EE00546EA2 /* AboutUsView.m */ = {isa = PBXFileReference; fileEncoding = 4; lastKnownFileType = sourcecode.c.objc; name = AboutUsView.m; path = ../AboutUsView.m; sourceTree = "<group>"; };
		E8D4CA261AA4E40000DF91DF /* MapKit.framework */ = {isa = PBXFileReference; lastKnownFileType = wrapper.framework; name = MapKit.framework; path = System/Library/Frameworks/MapKit.framework; sourceTree = SDKROOT; };
		E8D4CA281AA4E40900DF91DF /* CoreLocation.framework */ = {isa = PBXFileReference; lastKnownFileType = wrapper.framework; name = CoreLocation.framework; path = System/Library/Frameworks/CoreLocation.framework; sourceTree = SDKROOT; };
/* End PBXFileReference section */

/* Begin PBXFrameworksBuildPhase section */
		E88486161AA4D20F00546EA2 /* Frameworks */ = {
			isa = PBXFrameworksBuildPhase;
			buildActionMask = 2147483647;
			files = (
				E69EC9EF1AABEC5E0041EAF4 /* iAd.framework in Frameworks */,
				E69EC9ED1AABEC560041EAF4 /* AssetsLibrary.framework in Frameworks */,
				E8D4CA271AA4E40000DF91DF /* MapKit.framework in Frameworks */,
				E8D4CA291AA4E40900DF91DF /* CoreLocation.framework in Frameworks */,
			);
			runOnlyForDeploymentPostprocessing = 0;
		};
		E884862F1AA4D20F00546EA2 /* Frameworks */ = {
			isa = PBXFrameworksBuildPhase;
			buildActionMask = 2147483647;
			files = (
			);
			runOnlyForDeploymentPostprocessing = 0;
		};
/* End PBXFrameworksBuildPhase section */

/* Begin PBXGroup section */
		E88486101AA4D20F00546EA2 = {
			isa = PBXGroup;
			children = (
				E69EC9EE1AABEC5E0041EAF4 /* iAd.framework */,
				E69EC9EC1AABEC560041EAF4 /* AssetsLibrary.framework */,
				E8D4CA281AA4E40900DF91DF /* CoreLocation.framework */,
				E8D4CA261AA4E40000DF91DF /* MapKit.framework */,
				E884861B1AA4D20F00546EA2 /* Gets */,
				E88486351AA4D20F00546EA2 /* GetsTests */,
				E884861A1AA4D20F00546EA2 /* Products */,
			);
			sourceTree = "<group>";
		};
		E884861A1AA4D20F00546EA2 /* Products */ = {
			isa = PBXGroup;
			children = (
				E88486191AA4D20F00546EA2 /* Gets.app */,
				E88486321AA4D20F00546EA2 /* GetsTests.xctest */,
			);
			name = Products;
			sourceTree = "<group>";
		};
		E884861B1AA4D20F00546EA2 /* Gets */ = {
			isa = PBXGroup;
			children = (
				E88486201AA4D20F00546EA2 /* AppDelegate.h */,
				E88486211AA4D20F00546EA2 /* AppDelegate.m */,
				E33F93B31AA4F37300843633 /* UserData.h */,
				E33F93B41AA4F37300843633 /* UserData.m */,
				E33F93B01AA4ED2100843633 /* Site.h */,
				E33F93B11AA4ED2100843633 /* Site.m */,
				E88486421AA4D36E00546EA2 /* MainView.h */,
				E88486431AA4D36E00546EA2 /* MainView.m */,
				E88486481AA4D3B600546EA2 /* CadastroView.h */,
				E88486491AA4D3B600546EA2 /* CadastroView.m */,
				E88486451AA4D39000546EA2 /* TableViewController.h */,
				E88486461AA4D39000546EA2 /* TableViewController.m */,
				E65591C21AA6203400F33F6F /* FavoriteCell.h */,
				E65591C31AA6203400F33F6F /* FavoriteCell.m */,
				E884864B1AA4D3DD00546EA2 /* VisualizarView.h */,
				E884864C1AA4D3DD00546EA2 /* VisualizarView.m */,
				E884861E1AA4D20F00546EA2 /* main.m */,
				E34B52901AA63E94000305F2 /* Annotation.h */,
				E34B52911AA63E94000305F2 /* Annotation.m */,
				E884864E1AA4D3EE00546EA2 /* AboutUsView.h */,
				E884864F1AA4D3EE00546EA2 /* AboutUsView.m */,
				E88486291AA4D20F00546EA2 /* Images.xcassets */,
				E88486261AA4D20F00546EA2 /* Main.storyboard */,
				E884862B1AA4D20F00546EA2 /* LaunchScreen.xib */,
				E884861C1AA4D20F00546EA2 /* Supporting Files */,
			);
			path = Gets;
			sourceTree = "<group>";
		};
		E884861C1AA4D20F00546EA2 /* Supporting Files */ = {
			isa = PBXGroup;
			children = (
				E884861D1AA4D20F00546EA2 /* Info.plist */,
			);
			name = "Supporting Files";
			sourceTree = "<group>";
		};
		E88486351AA4D20F00546EA2 /* GetsTests */ = {
			isa = PBXGroup;
			children = (
				E88486381AA4D20F00546EA2 /* GetsTests.m */,
				E88486361AA4D20F00546EA2 /* Supporting Files */,
			);
			path = GetsTests;
			sourceTree = "<group>";
		};
		E88486361AA4D20F00546EA2 /* Supporting Files */ = {
			isa = PBXGroup;
			children = (
				E88486371AA4D20F00546EA2 /* Info.plist */,
			);
			name = "Supporting Files";
			sourceTree = "<group>";
		};
/* End PBXGroup section */

/* Begin PBXNativeTarget section */
		E88486181AA4D20F00546EA2 /* Gets */ = {
			isa = PBXNativeTarget;
			buildConfigurationList = E884863C1AA4D20F00546EA2 /* Build configuration list for PBXNativeTarget "Gets" */;
			buildPhases = (
				E88486151AA4D20F00546EA2 /* Sources */,
				E88486161AA4D20F00546EA2 /* Frameworks */,
				E88486171AA4D20F00546EA2 /* Resources */,
			);
			buildRules = (
			);
			dependencies = (
			);
			name = Gets;
			productName = Gets;
			productReference = E88486191AA4D20F00546EA2 /* Gets.app */;
			productType = "com.apple.product-type.application";
		};
		E88486311AA4D20F00546EA2 /* GetsTests */ = {
			isa = PBXNativeTarget;
			buildConfigurationList = E884863F1AA4D20F00546EA2 /* Build configuration list for PBXNativeTarget "GetsTests" */;
			buildPhases = (
				E884862E1AA4D20F00546EA2 /* Sources */,
				E884862F1AA4D20F00546EA2 /* Frameworks */,
				E88486301AA4D20F00546EA2 /* Resources */,
			);
			buildRules = (
			);
			dependencies = (
				E88486341AA4D20F00546EA2 /* PBXTargetDependency */,
			);
			name = GetsTests;
			productName = GetsTests;
			productReference = E88486321AA4D20F00546EA2 /* GetsTests.xctest */;
			productType = "com.apple.product-type.bundle.unit-test";
		};
/* End PBXNativeTarget section */

/* Begin PBXProject section */
		E88486111AA4D20F00546EA2 /* Project object */ = {
			isa = PBXProject;
			attributes = {
				LastUpgradeCheck = 0610;
				ORGANIZATIONNAME = "Hugo Luiz Chimello";
				TargetAttributes = {
					E88486181AA4D20F00546EA2 = {
						CreatedOnToolsVersion = 6.1.1;
					};
					E88486311AA4D20F00546EA2 = {
						CreatedOnToolsVersion = 6.1.1;
						TestTargetID = E88486181AA4D20F00546EA2;
					};
				};
			};
			buildConfigurationList = E88486141AA4D20F00546EA2 /* Build configuration list for PBXProject "Gets" */;
			compatibilityVersion = "Xcode 3.2";
			developmentRegion = English;
			hasScannedForEncodings = 0;
			knownRegions = (
				en,
				Base,
			);
			mainGroup = E88486101AA4D20F00546EA2;
			productRefGroup = E884861A1AA4D20F00546EA2 /* Products */;
			projectDirPath = "";
			projectRoot = "";
			targets = (
				E88486181AA4D20F00546EA2 /* Gets */,
				E88486311AA4D20F00546EA2 /* GetsTests */,
			);
		};
/* End PBXProject section */

/* Begin PBXResourcesBuildPhase section */
		E88486171AA4D20F00546EA2 /* Resources */ = {
			isa = PBXResourcesBuildPhase;
			buildActionMask = 2147483647;
			files = (
				E88486281AA4D20F00546EA2 /* Main.storyboard in Resources */,
				E884862D1AA4D20F00546EA2 /* LaunchScreen.xib in Resources */,
				E884862A1AA4D20F00546EA2 /* Images.xcassets in Resources */,
			);
			runOnlyForDeploymentPostprocessing = 0;
		};
		E88486301AA4D20F00546EA2 /* Resources */ = {
			isa = PBXResourcesBuildPhase;
			buildActionMask = 2147483647;
			files = (
			);
			runOnlyForDeploymentPostprocessing = 0;
		};
/* End PBXResourcesBuildPhase section */

/* Begin PBXSourcesBuildPhase section */
		E88486151AA4D20F00546EA2 /* Sources */ = {
			isa = PBXSourcesBuildPhase;
			buildActionMask = 2147483647;
			files = (
				E884864D1AA4D3DD00546EA2 /* VisualizarView.m in Sources */,
				E88486221AA4D20F00546EA2 /* AppDelegate.m in Sources */,
				E884864A1AA4D3B600546EA2 /* CadastroView.m in Sources */,
				E884861F1AA4D20F00546EA2 /* main.m in Sources */,
				E33F93B51AA4F37300843633 /* UserData.m in Sources */,
				E88486501AA4D3EE00546EA2 /* AboutUsView.m in Sources */,
				E33F93B21AA4ED2100843633 /* Site.m in Sources */,
				E34B52921AA63E94000305F2 /* Annotation.m in Sources */,
				E88486441AA4D36E00546EA2 /* MainView.m in Sources */,
				E88486471AA4D39000546EA2 /* TableViewController.m in Sources */,
				E65591C41AA6203400F33F6F /* FavoriteCell.m in Sources */,
			);
			runOnlyForDeploymentPostprocessing = 0;
		};
		E884862E1AA4D20F00546EA2 /* Sources */ = {
			isa = PBXSourcesBuildPhase;
			buildActionMask = 2147483647;
			files = (
				E88486391AA4D20F00546EA2 /* GetsTests.m in Sources */,
			);
			runOnlyForDeploymentPostprocessing = 0;
		};
/* End PBXSourcesBuildPhase section */

/* Begin PBXTargetDependency section */
		E88486341AA4D20F00546EA2 /* PBXTargetDependency */ = {
			isa = PBXTargetDependency;
			target = E88486181AA4D20F00546EA2 /* Gets */;
			targetProxy = E88486331AA4D20F00546EA2 /* PBXContainerItemProxy */;
		};
/* End PBXTargetDependency section */

/* Begin PBXVariantGroup section */
		E88486261AA4D20F00546EA2 /* Main.storyboard */ = {
			isa = PBXVariantGroup;
			children = (
				E88486271AA4D20F00546EA2 /* Base */,
			);
			name = Main.storyboard;
			sourceTree = "<group>";
		};
		E884862B1AA4D20F00546EA2 /* LaunchScreen.xib */ = {
			isa = PBXVariantGroup;
			children = (
				E884862C1AA4D20F00546EA2 /* Base */,
			);
			name = LaunchScreen.xib;
			sourceTree = "<group>";
		};
/* End PBXVariantGroup section */

/* Begin XCBuildConfiguration section */
		E884863A1AA4D20F00546EA2 /* Debug */ = {
			isa = XCBuildConfiguration;
			buildSettings = {
				ALWAYS_SEARCH_USER_PATHS = NO;
				CLANG_CXX_LANGUAGE_STANDARD = "gnu++0x";
				CLANG_CXX_LIBRARY = "libc++";
				CLANG_ENABLE_MODULES = YES;
				CLANG_ENABLE_OBJC_ARC = YES;
				CLANG_WARN_BOOL_CONVERSION = YES;
				CLANG_WARN_CONSTANT_CONVERSION = YES;
				CLANG_WARN_DIRECT_OBJC_ISA_USAGE = YES_ERROR;
				CLANG_WARN_EMPTY_BODY = YES;
				CLANG_WARN_ENUM_CONVERSION = YES;
				CLANG_WARN_INT_CONVERSION = YES;
				CLANG_WARN_OBJC_ROOT_CLASS = YES_ERROR;
				CLANG_WARN_UNREACHABLE_CODE = YES;
				CLANG_WARN__DUPLICATE_METHOD_MATCH = YES;
				"CODE_SIGN_IDENTITY[sdk=iphoneos*]" = "iPhone Developer";
				COPY_PHASE_STRIP = NO;
				ENABLE_STRICT_OBJC_MSGSEND = YES;
				GCC_C_LANGUAGE_STANDARD = gnu99;
				GCC_DYNAMIC_NO_PIC = NO;
				GCC_OPTIMIZATION_LEVEL = 0;
				GCC_PREPROCESSOR_DEFINITIONS = (
					"DEBUG=1",
					"$(inherited)",
				);
				GCC_SYMBOLS_PRIVATE_EXTERN = NO;
				GCC_WARN_64_TO_32_BIT_CONVERSION = YES;
				GCC_WARN_ABOUT_RETURN_TYPE = YES_ERROR;
				GCC_WARN_UNDECLARED_SELECTOR = YES;
				GCC_WARN_UNINITIALIZED_AUTOS = YES_AGGRESSIVE;
				GCC_WARN_UNUSED_FUNCTION = YES;
				GCC_WARN_UNUSED_VARIABLE = YES;
				IPHONEOS_DEPLOYMENT_TARGET = 8.1;
				MTL_ENABLE_DEBUG_INFO = YES;
				ONLY_ACTIVE_ARCH = YES;
				SDKROOT = iphoneos;
				TARGETED_DEVICE_FAMILY = "1,2";
			};
			name = Debug;
		};
		E884863B1AA4D20F00546EA2 /* Release */ = {
			isa = XCBuildConfiguration;
			buildSettings = {
				ALWAYS_SEARCH_USER_PATHS = NO;
				CLANG_CXX_LANGUAGE_STANDARD = "gnu++0x";
				CLANG_CXX_LIBRARY = "libc++";
				CLANG_ENABLE_MODULES = YES;
				CLANG_ENABLE_OBJC_ARC = YES;
				CLANG_WARN_BOOL_CONVERSION = YES;
				CLANG_WARN_CONSTANT_CONVERSION = YES;
				CLANG_WARN_DIRECT_OBJC_ISA_USAGE = YES_ERROR;
				CLANG_WARN_EMPTY_BODY = YES;
				CLANG_WARN_ENUM_CONVERSION = YES;
				CLANG_WARN_INT_CONVERSION = YES;
				CLANG_WARN_OBJC_ROOT_CLASS = YES_ERROR;
				CLANG_WARN_UNREACHABLE_CODE = YES;
				CLANG_WARN__DUPLICATE_METHOD_MATCH = YES;
				"CODE_SIGN_IDENTITY[sdk=iphoneos*]" = "iPhone Developer";
				COPY_PHASE_STRIP = YES;
				ENABLE_NS_ASSERTIONS = NO;
				ENABLE_STRICT_OBJC_MSGSEND = YES;
				GCC_C_LANGUAGE_STANDARD = gnu99;
				GCC_WARN_64_TO_32_BIT_CONVERSION = YES;
				GCC_WARN_ABOUT_RETURN_TYPE = YES_ERROR;
				GCC_WARN_UNDECLARED_SELECTOR = YES;
				GCC_WARN_UNINITIALIZED_AUTOS = YES_AGGRESSIVE;
				GCC_WARN_UNUSED_FUNCTION = YES;
				GCC_WARN_UNUSED_VARIABLE = YES;
				IPHONEOS_DEPLOYMENT_TARGET = 8.1;
				MTL_ENABLE_DEBUG_INFO = NO;
				SDKROOT = iphoneos;
				TARGETED_DEVICE_FAMILY = "1,2";
				VALIDATE_PRODUCT = YES;
			};
			name = Release;
		};
		E884863D1AA4D20F00546EA2 /* Debug */ = {
			isa = XCBuildConfiguration;
			buildSettings = {
				ASSETCATALOG_COMPILER_APPICON_NAME = AppIcon;
				INFOPLIST_FILE = Gets/Info.plist;
				LD_RUNPATH_SEARCH_PATHS = "$(inherited) @executable_path/Frameworks";
				PRODUCT_NAME = "$(TARGET_NAME)";
			};
			name = Debug;
		};
		E884863E1AA4D20F00546EA2 /* Release */ = {
			isa = XCBuildConfiguration;
			buildSettings = {
				ASSETCATALOG_COMPILER_APPICON_NAME = AppIcon;
				INFOPLIST_FILE = Gets/Info.plist;
				LD_RUNPATH_SEARCH_PATHS = "$(inherited) @executable_path/Frameworks";
				PRODUCT_NAME = "$(TARGET_NAME)";
			};
			name = Release;
		};
		E88486401AA4D20F00546EA2 /* Debug */ = {
			isa = XCBuildConfiguration;
			buildSettings = {
				BUNDLE_LOADER = "$(TEST_HOST)";
				FRAMEWORK_SEARCH_PATHS = (
					"$(SDKROOT)/Developer/Library/Frameworks",
					"$(inherited)",
				);
				GCC_PREPROCESSOR_DEFINITIONS = (
					"DEBUG=1",
					"$(inherited)",
				);
				INFOPLIST_FILE = GetsTests/Info.plist;
				LD_RUNPATH_SEARCH_PATHS = "$(inherited) @executable_path/Frameworks @loader_path/Frameworks";
				PRODUCT_NAME = "$(TARGET_NAME)";
				TEST_HOST = "$(BUILT_PRODUCTS_DIR)/Gets.app/Gets";
			};
			name = Debug;
		};
		E88486411AA4D20F00546EA2 /* Release */ = {
			isa = XCBuildConfiguration;
			buildSettings = {
				BUNDLE_LOADER = "$(TEST_HOST)";
				FRAMEWORK_SEARCH_PATHS = (
					"$(SDKROOT)/Developer/Library/Frameworks",
					"$(inherited)",
				);
				INFOPLIST_FILE = GetsTests/Info.plist;
				LD_RUNPATH_SEARCH_PATHS = "$(inherited) @executable_path/Frameworks @loader_path/Frameworks";
				PRODUCT_NAME = "$(TARGET_NAME)";
				TEST_HOST = "$(BUILT_PRODUCTS_DIR)/Gets.app/Gets";
			};
			name = Release;
		};
/* End XCBuildConfiguration section */

/* Begin XCConfigurationList section */
		E88486141AA4D20F00546EA2 /* Build configuration list for PBXProject "Gets" */ = {
			isa = XCConfigurationList;
			buildConfigurations = (
				E884863A1AA4D20F00546EA2 /* Debug */,
				E884863B1AA4D20F00546EA2 /* Release */,
			);
			defaultConfigurationIsVisible = 0;
			defaultConfigurationName = Release;
		};
		E884863C1AA4D20F00546EA2 /* Build configuration list for PBXNativeTarget "Gets" */ = {
			isa = XCConfigurationList;
			buildConfigurations = (
				E884863D1AA4D20F00546EA2 /* Debug */,
				E884863E1AA4D20F00546EA2 /* Release */,
			);
			defaultConfigurationIsVisible = 0;
			defaultConfigurationName = Release;
		};
		E884863F1AA4D20F00546EA2 /* Build configuration list for PBXNativeTarget "GetsTests" */ = {
			isa = XCConfigurationList;
			buildConfigurations = (
				E88486401AA4D20F00546EA2 /* Debug */,
				E88486411AA4D20F00546EA2 /* Release */,
			);
			defaultConfigurationIsVisible = 0;
			defaultConfigurationName = Release;
		};
/* End XCConfigurationList section */
	};
	rootObject = E88486111AA4D20F00546EA2 /* Project object */;
}
